
Microsoft Visual Studio Solution File, Format Version 12.00
# Visual Studio Version 16
VisualStudioVersion = 16.0.30320.27
MinimumVisualStudioVersion = 10.0.40219.1
Project("{FAE04EC0-301F-11D3-BF4B-00C04F79EFBC}") = "DataFlow", "DataFlow\DataFlow.csproj", "{F07154B0-7F64-4EA6-8B0D-95C0FCECCCFE}"
EndProject
Project("{FAE04EC0-301F-11D3-BF4B-00C04F79EFBC}") = "ConsoleApp2", "ConsoleApp2\ConsoleApp2.csproj", "{C0E39244-7C0C-4ED5-9B2F-A6EED982E7CD}"
EndProject
Project("{FAE04EC0-301F-11D3-BF4B-00C04F79EFBC}") = "joke", "joke\joke.csproj", "{0C9C3A34-D5DE-49D9-922E-7E561415D3AB}"
EndProject
Global
	GlobalSection(SolutionConfigurationPlatforms) = preSolution
		Debug|Any CPU = Debug|Any CPU
		Release|Any CPU = Release|Any CPU
	EndGlobalSection
	GlobalSection(ProjectConfigurationPlatforms) = postSolution
		{F07154B0-7F64-4EA6-8B0D-95C0FCECCCFE}.Debug|Any CPU.ActiveCfg = Debug|Any CPU
		{F07154B0-7F64-4EA6-8B0D-95C0FCECCCFE}.Debug|Any CPU.Build.0 = Debug|Any CPU
		{F07154B0-7F64-4EA6-8B0D-95C0FCECCCFE}.Release|Any CPU.ActiveCfg = Release|Any CPU
		{F07154B0-7F64-4EA6-8B0D-95C0FCECCCFE}.Release|Any CPU.Build.0 = Release|Any CPU
		{C0E39244-7C0C-4ED5-9B2F-A6EED982E7CD}.Debug|Any CPU.ActiveCfg = Debug|Any CPU
		{C0E39244-7C0C-4ED5-9B2F-A6EED982E7CD}.Debug|Any CPU.Build.0 = Debug|Any CPU
		{C0E39244-7C0C-4ED5-9B2F-A6EED982E7CD}.Release|Any CPU.ActiveCfg = Release|Any CPU
		{C0E39244-7C0C-4ED5-9B2F-A6EED982E7CD}.Release|Any CPU.Build.0 = Release|Any CPU
		{0C9C3A34-D5DE-49D9-922E-7E561415D3AB}.Debug|Any CPU.ActiveCfg = Debug|Any CPU
		{0C9C3A34-D5DE-49D9-922E-7E561415D3AB}.Debug|Any CPU.Build.0 = Debug|Any CPU
		{0C9C3A34-D5DE-49D9-922E-7E561415D3AB}.Release|Any CPU.ActiveCfg = Release|Any CPU
		{0C9C3A34-D5DE-49D9-922E-7E561415D3AB}.Release|Any CPU.Build.0 = Release|Any CPU
	EndGlobalSection
	GlobalSection(SolutionProperties) = preSolution
		HideSolutionNode = FALSE
	EndGlobalSection
	GlobalSection(ExtensibilityGlobals) = postSolution
		SolutionGuid = {B69D05AE-0067-40C4-80F0-BD65D217CFBF}
	EndGlobalSection
EndGlobal
